<?xml version="1.0" encoding="utf-8"?>
<Project ToolsVersion="4.0" xmlns="http://schemas.microsoft.com/developer/msbuild/2003">
  <ItemGroup>
    <Filter Include="ソース ファイル">
      <UniqueIdentifier>{4FC737F1-C7A5-4376-A066-2A32D752A2FF}</UniqueIdentifier>
      <Extensions>cpp;c;cc;cxx;c++;cppm;ixx;def;odl;idl;hpj;bat;asm;asmx</Extensions>
    </Filter>
    <Filter Include="ヘッダー ファイル">
      <UniqueIdentifier>{93995380-89BD-4b04-88EB-625FBE52EBFB}</UniqueIdentifier>
      <Extensions>h;hh;hpp;hxx;h++;hm;inl;inc;ipp;xsd</Extensions>
    </Filter>
    <Filter Include="リソース ファイル">
      <UniqueIdentifier>{67DA6AB6-F800-4c08-8B7A-83BB121AAD01}</UniqueIdentifier>
      <Extensions>rc;ico;cur;bmp;dlg;rc2;rct;bin;rgs;gif;jpg;jpeg;jpe;resx;tiff;tif;png;wav;mfcribbon-ms</Extensions>
    </Filter>
    <Filter Include="ソース ファイル\object">
      <UniqueIdentifier>{b075a1c7-5818-4827-9a10-c19f34607e9e}</UniqueIdentifier>
    </Filter>
    <Filter Include="ヘッダー ファイル\object">
      <UniqueIdentifier>{f4acbad4-ad5a-4e55-a76d-346c6b713fc9}</UniqueIdentifier>
    </Filter>
    <Filter Include="ソース ファイル\mesh">
      <UniqueIdentifier>{f2afcffe-84f5-48c4-b893-19989c950ef6}</UniqueIdentifier>
    </Filter>
    <Filter Include="ヘッダー ファイル\mesh">
      <UniqueIdentifier>{47b7a793-b158-4759-ba3c-6d4f694e19fe}</UniqueIdentifier>
    </Filter>
    <Filter Include="game">
      <UniqueIdentifier>{48919b1c-b628-4b37-a82a-24b971ff6a71}</UniqueIdentifier>
    </Filter>
    <Filter Include="game\cpp">
      <UniqueIdentifier>{22b0cafa-5f17-4e36-a639-1357a86e51bb}</UniqueIdentifier>
    </Filter>
    <Filter Include="game\h">
      <UniqueIdentifier>{c607fd5f-6a83-44e1-a40d-dce3e1190952}</UniqueIdentifier>
    </Filter>
    <Filter Include="main">
      <UniqueIdentifier>{f911fc64-af35-41be-a525-812c6d92a438}</UniqueIdentifier>
    </Filter>
    <Filter Include="main\cpp">
      <UniqueIdentifier>{6a036f84-ada5-4b10-9fee-67146565617c}</UniqueIdentifier>
    </Filter>
    <Filter Include="main\h">
      <UniqueIdentifier>{85619e82-fe0c-49e2-9f85-51d815d0021d}</UniqueIdentifier>
    </Filter>
    <Filter Include="main\effect">
      <UniqueIdentifier>{8ce4a84d-41fe-42b0-b147-d742b67b1b0b}</UniqueIdentifier>
    </Filter>
    <Filter Include="main\effect\cpp">
      <UniqueIdentifier>{62cabd73-6255-4711-9537-b42992399e3e}</UniqueIdentifier>
    </Filter>
    <Filter Include="main\effect\h">
      <UniqueIdentifier>{9ec0e6ff-0fc6-44bc-ae41-b85328434f9c}</UniqueIdentifier>
    </Filter>
    <Filter Include="title">
      <UniqueIdentifier>{a8d795a5-8358-4da2-aac3-64b4d52e3d60}</UniqueIdentifier>
    </Filter>
    <Filter Include="title\cpp">
      <UniqueIdentifier>{33dc474f-57af-4555-ad44-549867476066}</UniqueIdentifier>
    </Filter>
    <Filter Include="title\h">
      <UniqueIdentifier>{0abd7c5e-3139-4971-90f2-b8ec54768f98}</UniqueIdentifier>
    </Filter>
    <Filter Include="result">
      <UniqueIdentifier>{6d40443b-f5a2-4f0d-86af-21112f7b254a}</UniqueIdentifier>
    </Filter>
    <Filter Include="result\cpp">
      <UniqueIdentifier>{a29b6b64-f43f-489c-acb5-e598a22e010f}</UniqueIdentifier>
    </Filter>
    <Filter Include="result\h">
      <UniqueIdentifier>{2a5b5a56-13ca-48f4-a54b-1a043833e65f}</UniqueIdentifier>
    </Filter>
    <Filter Include="ranking">
      <UniqueIdentifier>{b1427cf0-fb76-4f53-9850-0c4cee1fac4d}</UniqueIdentifier>
    </Filter>
    <Filter Include="ranking\cpp">
      <UniqueIdentifier>{13528af9-d2a4-4a05-aeb7-9606f441f5e4}</UniqueIdentifier>
    </Filter>
    <Filter Include="ranking\h">
      <UniqueIdentifier>{24241982-b0e4-4ccd-8dd0-b55c3cc99d27}</UniqueIdentifier>
    </Filter>
  </ItemGroup>
  <ItemGroup>
    <ClCompile Include="model.cpp">
      <Filter>ソース ファイル\object</Filter>
    </ClCompile>
    <ClCompile Include="bullet.cpp">
      <Filter>ソース ファイル\object</Filter>
    </ClCompile>
    <ClCompile Include="camera.cpp">
      <Filter>ソース ファイル\object</Filter>
    </ClCompile>
    <ClCompile Include="light.cpp">
      <Filter>ソース ファイル\object</Filter>
    </ClCompile>
    <ClCompile Include="player.cpp">
      <Filter>ソース ファイル\object</Filter>
    </ClCompile>
    <ClCompile Include="billboard.cpp">
      <Filter>ソース ファイル\object</Filter>
    </ClCompile>
    <ClCompile Include="meshcylinder.cpp">
      <Filter>ソース ファイル\mesh</Filter>
    </ClCompile>
    <ClCompile Include="meshdome.cpp">
      <Filter>ソース ファイル\mesh</Filter>
    </ClCompile>
    <ClCompile Include="meshfield.cpp">
      <Filter>ソース ファイル\mesh</Filter>
    </ClCompile>
    <ClCompile Include="meshring.cpp">
      <Filter>ソース ファイル\mesh</Filter>
    </ClCompile>
    <ClCompile Include="meshwall.cpp">
      <Filter>ソース ファイル\mesh</Filter>
    </ClCompile>
    <ClCompile Include="meshsphere.cpp">
      <Filter>ソース ファイル\mesh</Filter>
    </ClCompile>
    <ClCompile Include="debugproc.cpp">
      <Filter>main\cpp</Filter>
    </ClCompile>
    <ClCompile Include="input.cpp">
      <Filter>main\cpp</Filter>
    </ClCompile>
    <ClCompile Include="main.cpp">
      <Filter>main\cpp</Filter>
    </ClCompile>
    <ClCompile Include="pch.cpp">
      <Filter>main\cpp</Filter>
    </ClCompile>
    <ClCompile Include="object.cpp">
      <Filter>ソース ファイル\object</Filter>
    </ClCompile>
    <ClCompile Include="fade.cpp">
      <Filter>main\cpp</Filter>
    </ClCompile>
    <ClCompile Include="game.cpp">
      <Filter>game\cpp</Filter>
    </ClCompile>
    <ClCompile Include="effect.cpp">
      <Filter>main\effect\cpp</Filter>
    </ClCompile>
    <ClCompile Include="particle.cpp">
      <Filter>main\effect\cpp</Filter>
    </ClCompile>
    <ClCompile Include="loadscript.cpp">
      <Filter>main\cpp</Filter>
    </ClCompile>
    <ClCompile Include="offsetmodel.cpp">
      <Filter>ソース ファイル\object</Filter>
    </ClCompile>
    <ClCompile Include="pause.cpp">
      <Filter>game\cpp</Filter>
    </ClCompile>
    <ClCompile Include="wall.cpp">
      <Filter>ソース ファイル\object</Filter>
    </ClCompile>
    <ClCompile Include="field.cpp">
      <Filter>ソース ファイル\object</Filter>
    </ClCompile>
    <ClCompile Include="shadow.cpp">
      <Filter>ソース ファイル\object</Filter>
    </ClCompile>
    <ClCompile Include="snow.cpp">
      <Filter>ソース ファイル\object</Filter>
    </ClCompile>
    <ClCompile Include="sound.cpp">
      <Filter>main\cpp</Filter>
    </ClCompile>
    <ClCompile Include="title.cpp">
      <Filter>title\cpp</Filter>
    </ClCompile>
    <ClCompile Include="result.cpp">
      <Filter>result\cpp</Filter>
    </ClCompile>
    <ClCompile Include="resultmenu.cpp">
      <Filter>result\cpp</Filter>
    </ClCompile>
    <ClCompile Include="ranking.cpp">
      <Filter>ranking\cpp</Filter>
    </ClCompile>
    <ClCompile Include="rankingrank.cpp">
      <Filter>ranking\cpp</Filter>
    </ClCompile>
    <ClCompile Include="item.cpp">
      <Filter>ソース ファイル</Filter>
    </ClCompile>
    <ClCompile Include="friends.cpp">
      <Filter>ソース ファイル</Filter>
    </ClCompile>
  </ItemGroup>
  <ItemGroup>
    <ClInclude Include="bullet.h">
      <Filter>ヘッダー ファイル\object</Filter>
    </ClInclude>
    <ClInclude Include="camera.h">
      <Filter>ヘッダー ファイル\object</Filter>
    </ClInclude>
    <ClInclude Include="model.h">
      <Filter>ヘッダー ファイル\object</Filter>
    </ClInclude>
    <ClInclude Include="player.h">
      <Filter>ヘッダー ファイル\object</Filter>
    </ClInclude>
    <ClInclude Include="light.h">
      <Filter>ヘッダー ファイル\object</Filter>
    </ClInclude>
    <ClInclude Include="billboard.h">
      <Filter>ヘッダー ファイル\object</Filter>
    </ClInclude>
    <ClInclude Include="meshcylinder.h">
      <Filter>ヘッダー ファイル\mesh</Filter>
    </ClInclude>
    <ClInclude Include="meshdome.h">
      <Filter>ヘッダー ファイル\mesh</Filter>
    </ClInclude>
    <ClInclude Include="meshfield.h">
      <Filter>ヘッダー ファイル\mesh</Filter>
    </ClInclude>
    <ClInclude Include="meshring.h">
      <Filter>ヘッダー ファイル\mesh</Filter>
    </ClInclude>
    <ClInclude Include="meshsphere.h">
      <Filter>ヘッダー ファイル\mesh</Filter>
    </ClInclude>
    <ClInclude Include="meshwall.h">
      <Filter>ヘッダー ファイル\mesh</Filter>
    </ClInclude>
    <ClInclude Include="debugproc.h">
      <Filter>main\h</Filter>
    </ClInclude>
    <ClInclude Include="input.h">
      <Filter>main\h</Filter>
    </ClInclude>
    <ClInclude Include="main.h">
      <Filter>main\h</Filter>
    </ClInclude>
    <ClInclude Include="pch.h">
      <Filter>main\h</Filter>
    </ClInclude>
    <ClInclude Include="object.h">
      <Filter>ヘッダー ファイル\object</Filter>
    </ClInclude>
    <ClInclude Include="effect.h">
      <Filter>main\effect\h</Filter>
    </ClInclude>
    <ClInclude Include="game.h">
      <Filter>game\h</Filter>
    </ClInclude>
    <ClInclude Include="fade.h">
      <Filter>main\h</Filter>
    </ClInclude>
    <ClInclude Include="loadscript.h">
      <Filter>main\h</Filter>
    </ClInclude>
    <ClInclude Include="offsetmodel.h">
      <Filter>ヘッダー ファイル\object</Filter>
    </ClInclude>
    <ClInclude Include="particle.h">
      <Filter>main\effect\h</Filter>
    </ClInclude>
    <ClInclude Include="pause.h">
      <Filter>game\h</Filter>
    </ClInclude>
    <ClInclude Include="field.h">
      <Filter>ヘッダー ファイル\object</Filter>
    </ClInclude>
    <ClInclude Include="wall.h">
      <Filter>ヘッダー ファイル\object</Filter>
    </ClInclude>
    <ClInclude Include="shadow.h">
      <Filter>ヘッダー ファイル\object</Filter>
    </ClInclude>
    <ClInclude Include="snow.h">
      <Filter>ヘッダー ファイル\object</Filter>
    </ClInclude>
    <ClInclude Include="sound.h">
      <Filter>main\h</Filter>
    </ClInclude>
    <ClInclude Include="title.h">
      <Filter>title\h</Filter>
    </ClInclude>
    <ClInclude Include="result.h">
      <Filter>result\h</Filter>
    </ClInclude>
    <ClInclude Include="resultmenu.h">
      <Filter>result\h</Filter>
    </ClInclude>
    <ClInclude Include="ranking.h">
      <Filter>ranking\h</Filter>
    </ClInclude>
    <ClInclude Include="rankingrank.h">
      <Filter>ranking\h</Filter>
    </ClInclude>
    <ClInclude Include="item.h">
      <Filter>ヘッダー ファイル</Filter>
    </ClInclude>
    <ClInclude Include="friends.h">
      <Filter>ヘッダー ファイル</Filter>
    </ClInclude>
  </ItemGroup>
</Project>